
Microsoft Visual Studio Solution File, Format Version 12.00
# Visual Studio Version 16
VisualStudioVersion = 16.0.29911.84
MinimumVisualStudioVersion = 10.0.40219.1
Project("{FAE04EC0-301F-11D3-BF4B-00C04F79EFBC}") = "Trabalho_Veiculo_Luis", "Trabalho_Veiculo_Luis.csproj", "{A8CB2DC7-0424-4DBB-A7BE-83A9E47DB197}"
EndProject
Global
	GlobalSection(SolutionConfigurationPlatforms) = preSolution
		Debug|Any CPU = Debug|Any CPU
		Release|Any CPU = Release|Any CPU
	EndGlobalSection
	GlobalSection(ProjectConfigurationPlatforms) = postSolution
		{A8CB2DC7-0424-4DBB-A7BE-83A9E47DB197}.Debug|Any CPU.ActiveCfg = Debug|Any CPU
		{A8CB2DC7-0424-4DBB-A7BE-83A9E47DB197}.Debug|Any CPU.Build.0 = Debug|Any CPU
		{A8CB2DC7-0424-4DBB-A7BE-83A9E47DB197}.Release|Any CPU.ActiveCfg = Release|Any CPU
		{A8CB2DC7-0424-4DBB-A7BE-83A9E47DB197}.Release|Any CPU.Build.0 = Release|Any CPU
	EndGlobalSection
	GlobalSection(SolutionProperties) = preSolution
		HideSolutionNode = FALSE
	EndGlobalSection
	GlobalSection(ExtensibilityGlobals) = postSolution
		SolutionGuid = {E008F7A0-2A5C-47D5-BE7D-EC7EAF12B7F3}
	EndGlobalSection
EndGlobal
